
Microsoft Visual Studio Solution File, Format Version 12.00
# Visual Studio Version 17
VisualStudioVersion = 17.5.2.0
MinimumVisualStudioVersion = 10.0.40219.1
Project("{FAE04EC0-301F-11D3-BF4B-00C04F79EFBC}") = "NHÓM 6", "NHÓM 6.csproj", "{C3E56610-4EFF-D183-7D43-E23C0CFA7B94}"
EndProject
Global
	GlobalSection(SolutionConfigurationPlatforms) = preSolution
		Debug|Any CPU = Debug|Any CPU
		Release|Any CPU = Release|Any CPU
	EndGlobalSection
	GlobalSection(ProjectConfigurationPlatforms) = postSolution
		{C3E56610-4EFF-D183-7D43-E23C0CFA7B94}.Debug|Any CPU.ActiveCfg = Debug|Any CPU
		{C3E56610-4EFF-D183-7D43-E23C0CFA7B94}.Debug|Any CPU.Build.0 = Debug|Any CPU
		{C3E56610-4EFF-D183-7D43-E23C0CFA7B94}.Release|Any CPU.ActiveCfg = Release|Any CPU
		{C3E56610-4EFF-D183-7D43-E23C0CFA7B94}.Release|Any CPU.Build.0 = Release|Any CPU
	EndGlobalSection
	GlobalSection(SolutionProperties) = preSolution
		HideSolutionNode = FALSE
	EndGlobalSection
	GlobalSection(ExtensibilityGlobals) = postSolution
		SolutionGuid = {E0DD3F74-53E0-4A36-9573-0A39351BA2C2}
	EndGlobalSection
EndGlobal
